
Microsoft Visual Studio Solution File, Format Version 12.00
# Visual Studio 14
VisualStudioVersion = 14.0.25420.1
MinimumVisualStudioVersion = 10.0.40219.1
Project("{FAE04EC0-301F-11D3-BF4B-00C04F79EFBC}") = "SurfaceTrails3", "SurfaceTrails2\SurfaceTrails3.csproj", "{C4F4A210-F650-4FB2-966A-F717DF6EFBC8}"
EndProject
Global
	GlobalSection(SolutionConfigurationPlatforms) = preSolution
		Debug32|Any CPU = Debug32|Any CPU
		Debug64|Any CPU = Debug64|Any CPU
		Release|Any CPU = Release|Any CPU
	EndGlobalSection
	GlobalSection(ProjectConfigurationPlatforms) = postSolution
		{C4F4A210-F650-4FB2-966A-F717DF6EFBC8}.Debug32|Any CPU.ActiveCfg = Debug64|Any CPU
		{C4F4A210-F650-4FB2-966A-F717DF6EFBC8}.Debug32|Any CPU.Build.0 = Debug64|Any CPU
		{C4F4A210-F650-4FB2-966A-F717DF6EFBC8}.Debug64|Any CPU.ActiveCfg = Debug64|Any CPU
		{C4F4A210-F650-4FB2-966A-F717DF6EFBC8}.Debug64|Any CPU.Build.0 = Debug64|Any CPU
		{C4F4A210-F650-4FB2-966A-F717DF6EFBC8}.Release|Any CPU.ActiveCfg = Release|Any CPU
		{C4F4A210-F650-4FB2-966A-F717DF6EFBC8}.Release|Any CPU.Build.0 = Release|Any CPU
	EndGlobalSection
	GlobalSection(SolutionProperties) = preSolution
		HideSolutionNode = FALSE
	EndGlobalSection
EndGlobal
